
Microsoft Visual Studio Solution File, Format Version 12.00
# Visual Studio Version 17
VisualStudioVersion = 17.8.34511.84
MinimumVisualStudioVersion = 10.0.40219.1
Project("{FAE04EC0-301F-11D3-BF4B-00C04F79EFBC}") = "Blazor.Components.BottomSheet", "Blazor.Components.BottomSheet\Blazor.Components.BottomSheet.csproj", "{B0CB71B8-AFFC-40B0-ABB4-D4BE482F86CB}"
EndProject
Global
	GlobalSection(SolutionConfigurationPlatforms) = preSolution
		Debug|Any CPU = Debug|Any CPU
		Release|Any CPU = Release|Any CPU
	EndGlobalSection
	GlobalSection(ProjectConfigurationPlatforms) = postSolution
		{B0CB71B8-AFFC-40B0-ABB4-D4BE482F86CB}.Debug|Any CPU.ActiveCfg = Debug|Any CPU
		{B0CB71B8-AFFC-40B0-ABB4-D4BE482F86CB}.Debug|Any CPU.Build.0 = Debug|Any CPU
		{B0CB71B8-AFFC-40B0-ABB4-D4BE482F86CB}.Release|Any CPU.ActiveCfg = Release|Any CPU
		{B0CB71B8-AFFC-40B0-ABB4-D4BE482F86CB}.Release|Any CPU.Build.0 = Release|Any CPU
	EndGlobalSection
	GlobalSection(SolutionProperties) = preSolution
		HideSolutionNode = FALSE
	EndGlobalSection
	GlobalSection(ExtensibilityGlobals) = postSolution
		SolutionGuid = {14F56865-C52E-487A-8C61-72E0C1326DAF}
	EndGlobalSection
EndGlobal
